// !$*UTF8*$!
{
	archiveVersion = 1;
	classes = {
	};
	objectVersion = 48;
	objects = {

/* Begin PBXBuildFile section */
		199A7DED1F9E4B6D009334FC /* AppDelegate.swift in Sources */ = {isa = PBXBuildFile; fileRef = 199A7DEC1F9E4B6D009334FC /* AppDelegate.swift */; };
		199A7DEF1F9E4B6D009334FC /* ViewController.swift in Sources */ = {isa = PBXBuildFile; fileRef = 199A7DEE1F9E4B6D009334FC /* ViewController.swift */; };
		199A7DF21F9E4B6D009334FC /* Main.storyboard in Resources */ = {isa = PBXBuildFile; fileRef = 199A7DF01F9E4B6D009334FC /* Main.storyboard */; };
		199A7DF41F9E4B6D009334FC /* Assets.xcassets in Resources */ = {isa = PBXBuildFile; fileRef = 199A7DF31F9E4B6D009334FC /* Assets.xcassets */; };
		199A7DF71F9E4B6D009334FC /* LaunchScreen.storyboard in Resources */ = {isa = PBXBuildFile; fileRef = 199A7DF51F9E4B6D009334FC /* LaunchScreen.storyboard */; };
		199A7DFF1F9E6B79009334FC /* Minecrafter.Reg.ttf in Resources */ = {isa = PBXBuildFile; fileRef = 199A7DFE1F9E6B78009334FC /* Minecrafter.Reg.ttf */; };
		199A7E011F9E7CBA009334FC /* btn.wav in Resources */ = {isa = PBXBuildFile; fileRef = 199A7E001F9E7CBA009334FC /* btn.wav */; };
/* End PBXBuildFile section */

/* Begin PBXFileReference section */
		199A7DE91F9E4B6D009334FC /* calculator.app */ = {isa = PBXFileReference; explicitFileType = wrapper.application; includeInIndex = 0; path = calculator.app; sourceTree = BUILT_PRODUCTS_DIR; };
		199A7DEC1F9E4B6D009334FC /* AppDelegate.swift */ = {isa = PBXFileReference; lastKnownFileType = sourcecode.swift; path = AppDelegate.swift; sourceTree = "<group>"; };
		199A7DEE1F9E4B6D009334FC /* ViewController.swift */ = {isa = PBXFileReference; lastKnownFileType = sourcecode.swift; path = ViewController.swift; sourceTree = "<group>"; };
		199A7DF11F9E4B6D009334FC /* Base */ = {isa = PBXFileReference; lastKnownFileType = file.storyboard; name = Base; path = Base.lproj/Main.storyboard; sourceTree = "<group>"; };
		199A7DF31F9E4B6D009334FC /* Assets.xcassets */ = {isa = PBXFileReference; lastKnownFileType = folder.assetcatalog; path = Assets.xcassets; sourceTree = "<group>"; };
		199A7DF61F9E4B6D009334FC /* Base */ = {isa = PBXFileReference; lastKnownFileType = file.storyboard; name = Base; path = Base.lproj/LaunchScreen.storyboard; sourceTree = "<group>"; };
		199A7DF81F9E4B6D009334FC /* Info.plist */ = {isa = PBXFileReference; lastKnownFileType = text.plist.xml; path = Info.plist; sourceTree = "<group>"; };
		199A7DFE1F9E6B78009334FC /* Minecrafter.Reg.ttf */ = {isa = PBXFileReference; lastKnownFileType = file; path = Minecrafter.Reg.ttf; sourceTree = "<group>"; };
		199A7E001F9E7CBA009334FC /* btn.wav */ = {isa = PBXFileReference; lastKnownFileType = audio.wav; path = btn.wav; sourceTree = "<group>"; };
/* End PBXFileReference section */

/* Begin PBXFrameworksBuildPhase section */
		199A7DE61F9E4B6D009334FC /* Frameworks */ = {
			isa = PBXFrameworksBuildPhase;
			buildActionMask = 2147483647;
			files = (
			);
			runOnlyForDeploymentPostprocessing = 0;
		};
/* End PBXFrameworksBuildPhase section */

/* Begin PBXGroup section */
		199A7DE01F9E4B6D009334FC = {
			isa = PBXGroup;
			children = (
				199A7DEB1F9E4B6D009334FC /* calculator */,
				199A7DEA1F9E4B6D009334FC /* Products */,
			);
			sourceTree = "<group>";
		};
		199A7DEA1F9E4B6D009334FC /* Products */ = {
			isa = PBXGroup;
			children = (
				199A7DE91F9E4B6D009334FC /* calculator.app */,
			);
			name = Products;
			sourceTree = "<group>";
		};
		199A7DEB1F9E4B6D009334FC /* calculator */ = {
			isa = PBXGroup;
			children = (
				199A7DEC1F9E4B6D009334FC /* AppDelegate.swift */,
				199A7E001F9E7CBA009334FC /* btn.wav */,
				199A7DFE1F9E6B78009334FC /* Minecrafter.Reg.ttf */,
				199A7DEE1F9E4B6D009334FC /* ViewController.swift */,
				199A7DF01F9E4B6D009334FC /* Main.storyboard */,
				199A7DF51F9E4B6D009334FC /* LaunchScreen.storyboard */,
				199A7DF31F9E4B6D009334FC /* Assets.xcassets */,
				199A7DF81F9E4B6D009334FC /* Info.plist */,
			);
			path = calculator;
			sourceTree = "<group>";
		};
/* End PBXGroup section */

/* Begin PBXNativeTarget section */
		199A7DE81F9E4B6D009334FC /* calculator */ = {
			isa = PBXNativeTarget;
			buildConfigurationList = 199A7DFB1F9E4B6D009334FC /* Build configuration list for PBXNativeTarget "calculator" */;
			buildPhases = (
				199A7DE51F9E4B6D009334FC /* Sources */,
				199A7DE61F9E4B6D009334FC /* Frameworks */,
				199A7DE71F9E4B6D009334FC /* Resources */,
			);
			buildRules = (
			);
			dependencies = (
			);
			name = calculator;
			productName = calculator;
			productReference = 199A7DE91F9E4B6D009334FC /* calculator.app */;
			productType = "com.apple.product-type.application";
		};
/* End PBXNativeTarget section */

/* Begin PBXProject section */
		199A7DE11F9E4B6D009334FC /* Project object */ = {
			isa = PBXProject;
			attributes = {
				LastSwiftUpdateCheck = 0900;
				LastUpgradeCheck = 0900;
				ORGANIZATIONNAME = "Darien Duong";
				TargetAttributes = {
					199A7DE81F9E4B6D009334FC = {
						CreatedOnToolsVersion = 9.0.1;
						ProvisioningStyle = Automatic;
					};
				};
			};
			buildConfigurationList = 199A7DE41F9E4B6D009334FC /* Build configuration list for PBXProject "calculator" */;
			compatibilityVersion = "Xcode 8.0";
			developmentRegion = en;
			hasScannedForEncodings = 0;
			knownRegions = (
				en,
				Base,
			);
			mainGroup = 199A7DE01F9E4B6D009334FC;
			productRefGroup = 199A7DEA1F9E4B6D009334FC /* Products */;
			projectDirPath = "";
			projectRoot = "";
			targets = (
				199A7DE81F9E4B6D009334FC /* calculator */,
			);
		};
/* End PBXProject section */

/* Begin PBXResourcesBuildPhase section */
		199A7DE71F9E4B6D009334FC /* Resources */ = {
			isa = PBXResourcesBuildPhase;
			buildActionMask = 2147483647;
			files = (
				199A7E011F9E7CBA009334FC /* btn.wav in Resources */,
				199A7DF71F9E4B6D009334FC /* LaunchScreen.storyboard in Resources */,
				199A7DF41F9E4B6D009334FC /* Assets.xcassets in Resources */,
				199A7DF21F9E4B6D009334FC /* Main.storyboard in Resources */,
				199A7DFF1F9E6B79009334FC /* Minecrafter.Reg.ttf in Resources */,
			);
			runOnlyForDeploymentPostprocessing = 0;
		};
/* End PBXResourcesBuildPhase section */

/* Begin PBXSourcesBuildPhase section */
		199A7DE51F9E4B6D009334FC /* Sources */ = {
			isa = PBXSourcesBuildPhase;
			buildActionMask = 2147483647;
			files = (
				199A7DEF1F9E4B6D009334FC /* ViewController.swift in Sources */,
				199A7DED1F9E4B6D009334FC /* AppDelegate.swift in Sources */,
			);
			runOnlyForDeploymentPostprocessing = 0;
		};
/* End PBXSourcesBuildPhase section */

/* Begin PBXVariantGroup section */
		199A7DF01F9E4B6D009334FC /* Main.storyboard */ = {
			isa = PBXVariantGroup;
			children = (
				199A7DF11F9E4B6D009334FC /* Base */,
			);
			name = Main.storyboard;
			sourceTree = "<group>";
		};
		199A7DF51F9E4B6D009334FC /* LaunchScreen.storyboard */ = {
			isa = PBXVariantGroup;
			children = (
				199A7DF61F9E4B6D009334FC /* Base */,
			);
			name = LaunchScreen.storyboard;
			sourceTree = "<group>";
		};
/* End PBXVariantGroup section */

/* Begin XCBuildConfiguration section */
		199A7DF91F9E4B6D009334FC /* Debug */ = {
			isa = XCBuildConfiguration;
			buildSettings = {
				ALWAYS_SEARCH_USER_PATHS = NO;
				CLANG_ANALYZER_NONNULL = YES;
				CLANG_ANALYZER_NUMBER_OBJECT_CONVERSION = YES_AGGRESSIVE;
				CLANG_CXX_LANGUAGE_STANDARD = "gnu++14";
				CLANG_CXX_LIBRARY = "libc++";
				CLANG_ENABLE_MODULES = YES;
				CLANG_ENABLE_OBJC_ARC = YES;
				CLANG_WARN_BLOCK_CAPTURE_AUTORELEASING = YES;
				CLANG_WARN_BOOL_CONVERSION = YES;
				CLANG_WARN_COMMA = YES;
				CLANG_WARN_CONSTANT_CONVERSION = YES;
				CLANG_WARN_DIRECT_OBJC_ISA_USAGE = YES_ERROR;
				CLANG_WARN_DOCUMENTATION_COMMENTS = YES;
				CLANG_WARN_EMPTY_BODY = YES;
				CLANG_WARN_ENUM_CONVERSION = YES;
				CLANG_WARN_INFINITE_RECURSION = YES;
				CLANG_WARN_INT_CONVERSION = YES;
				CLANG_WARN_NON_LITERAL_NULL_CONVERSION = YES;
				CLANG_WARN_OBJC_LITERAL_CONVERSION = YES;
				CLANG_WARN_OBJC_ROOT_CLASS = YES_ERROR;
				CLANG_WARN_RANGE_LOOP_ANALYSIS = YES;
				CLANG_WARN_STRICT_PROTOTYPES = YES;
				CLANG_WARN_SUSPICIOUS_MOVE = YES;
				CLANG_WARN_UNGUARDED_AVAILABILITY = YES_AGGRESSIVE;
				CLANG_WARN_UNREACHABLE_CODE = YES;
				CLANG_WARN__DUPLICATE_METHOD_MATCH = YES;
				CODE_SIGN_IDENTITY = "iPhone Developer";
				COPY_PHASE_STRIP = NO;
				DEBUG_INFORMATION_FORMAT = dwarf;
				ENABLE_STRICT_OBJC_MSGSEND = YES;
				ENABLE_TESTABILITY = YES;
				GCC_C_LANGUAGE_STANDARD = gnu11;
				GCC_DYNAMIC_NO_PIC = NO;
				GCC_NO_COMMON_BLOCKS = YES;
				GCC_OPTIMIZATION_LEVEL = 0;
				GCC_PREPROCESSOR_DEFINITIONS = (
					"DEBUG=1",
					"$(inherited)",
				);
				GCC_WARN_64_TO_32_BIT_CONVERSION = YES;
				GCC_WARN_ABOUT_RETURN_TYPE = YES_ERROR;
				GCC_WARN_UNDECLARED_SELECTOR = YES;
				GCC_WARN_UNINITIALIZED_AUTOS = YES_AGGRESSIVE;
				GCC_WARN_UNUSED_FUNCTION = YES;
				GCC_WARN_UNUSED_VARIABLE = YES;
				IPHONEOS_DEPLOYMENT_TARGET = 11.0;
				MTL_ENABLE_DEBUG_INFO = YES;
				ONLY_ACTIVE_ARCH = YES;
				SDKROOT = iphoneos;
				SWIFT_ACTIVE_COMPILATION_CONDITIONS = DEBUG;
				SWIFT_OPTIMIZATION_LEVEL = "-Onone";
			};
			name = Debug;
		};
		199A7DFA1F9E4B6D009334FC /* Release */ = {
			isa = XCBuildConfiguration;
			buildSettings = {
				ALWAYS_SEARCH_USER_PATHS = NO;
				CLANG_ANALYZER_NONNULL = YES;
				CLANG_ANALYZER_NUMBER_OBJECT_CONVERSION = YES_AGGRESSIVE;
				CLANG_CXX_LANGUAGE_STANDARD = "gnu++14";
				CLANG_CXX_LIBRARY = "libc++";
				CLANG_ENABLE_MODULES = YES;
				CLANG_ENABLE_OBJC_ARC = YES;
				CLANG_WARN_BLOCK_CAPTURE_AUTORELEASING = YES;
				CLANG_WARN_BOOL_CONVERSION = YES;
				CLANG_WARN_COMMA = YES;
				CLANG_WARN_CONSTANT_CONVERSION = YES;
				CLANG_WARN_DIRECT_OBJC_ISA_USAGE = YES_ERROR;
				CLANG_WARN_DOCUMENTATION_COMMENTS = YES;
				CLANG_WARN_EMPTY_BODY = YES;
				CLANG_WARN_ENUM_CONVERSION = YES;
				CLANG_WARN_INFINITE_RECURSION = YES;
				CLANG_WARN_INT_CONVERSION = YES;
				CLANG_WARN_NON_LITERAL_NULL_CONVERSION = YES;
				CLANG_WARN_OBJC_LITERAL_CONVERSION = YES;
				CLANG_WARN_OBJC_ROOT_CLASS = YES_ERROR;
				CLANG_WARN_RANGE_LOOP_ANALYSIS = YES;
				CLANG_WARN_STRICT_PROTOTYPES = YES;
				CLANG_WARN_SUSPICIOUS_MOVE = YES;
				CLANG_WARN_UNGUARDED_AVAILABILITY = YES_AGGRESSIVE;
				CLANG_WARN_UNREACHABLE_CODE = YES;
				CLANG_WARN__DUPLICATE_METHOD_MATCH = YES;
				CODE_SIGN_IDENTITY = "iPhone Developer";
				COPY_PHASE_STRIP = NO;
				DEBUG_INFORMATION_FORMAT = "dwarf-with-dsym";
				ENABLE_NS_ASSERTIONS = NO;
				ENABLE_STRICT_OBJC_MSGSEND = YES;
				GCC_C_LANGUAGE_STANDARD = gnu11;
				GCC_NO_COMMON_BLOCKS = YES;
				GCC_WARN_64_TO_32_BIT_CONVERSION = YES;
				GCC_WARN_ABOUT_RETURN_TYPE = YES_ERROR;
				GCC_WARN_UNDECLARED_SELECTOR = YES;
				GCC_WARN_UNINITIALIZED_AUTOS = YES_AGGRESSIVE;
				GCC_WARN_UNUSED_FUNCTION = YES;
				GCC_WARN_UNUSED_VARIABLE = YES;
				IPHONEOS_DEPLOYMENT_TARGET = 11.0;
				MTL_ENABLE_DEBUG_INFO = NO;
				SDKROOT = iphoneos;
				SWIFT_OPTIMIZATION_LEVEL = "-Owholemodule";
				VALIDATE_PRODUCT = YES;
			};
			name = Release;
		};
		199A7DFC1F9E4B6D009334FC /* Debug */ = {
			isa = XCBuildConfiguration;
			buildSettings = {
				ASSETCATALOG_COMPILER_APPICON_NAME = AppIcon;
				CODE_SIGN_STYLE = Automatic;
				INFOPLIST_FILE = calculator/Info.plist;
				LD_RUNPATH_SEARCH_PATHS = "$(inherited) @executable_path/Frameworks";
				PRODUCT_BUNDLE_IDENTIFIER = com.darien.calculator;
				PRODUCT_NAME = "$(TARGET_NAME)";
				SWIFT_VERSION = 4.0;
				TARGETED_DEVICE_FAMILY = "1,2";
			};
			name = Debug;
		};
		199A7DFD1F9E4B6D009334FC /* Release */ = {
			isa = XCBuildConfiguration;
			buildSettings = {
				ASSETCATALOG_COMPILER_APPICON_NAME = AppIcon;
				CODE_SIGN_STYLE = Automatic;
				INFOPLIST_FILE = calculator/Info.plist;
				LD_RUNPATH_SEARCH_PATHS = "$(inherited) @executable_path/Frameworks";
				PRODUCT_BUNDLE_IDENTIFIER = com.darien.calculator;
				PRODUCT_NAME = "$(TARGET_NAME)";
				SWIFT_VERSION = 4.0;
				TARGETED_DEVICE_FAMILY = "1,2";
			};
			name = Release;
		};
/* End XCBuildConfiguration section */

/* Begin XCConfigurationList section */
		199A7DE41F9E4B6D009334FC /* Build configuration list for PBXProject "calculator" */ = {
			isa = XCConfigurationList;
			buildConfigurations = (
				199A7DF91F9E4B6D009334FC /* Debug */,
				199A7DFA1F9E4B6D009334FC /* Release */,
			);
			defaultConfigurationIsVisible = 0;
			defaultConfigurationName = Release;
		};
		199A7DFB1F9E4B6D009334FC /* Build configuration list for PBXNativeTarget "calculator" */ = {
			isa = XCConfigurationList;
			buildConfigurations = (
				199A7DFC1F9E4B6D009334FC /* Debug */,
				199A7DFD1F9E4B6D009334FC /* Release */,
			);
			defaultConfigurationIsVisible = 0;
			defaultConfigurationName = Release;
		};
/* End XCConfigurationList section */
	};
	rootObject = 199A7DE11F9E4B6D009334FC /* Project object */;
}
